// !$*UTF8*$!
{
	archiveVersion = 1;
	classes = {
	};
	objectVersion = 77;
	objects = {

/* Begin PBXBuildFile section */
		F30969AC2E7C067A00F4AD4C /* CarCareBikeVMTests.swift in Sources */ = {isa = PBXBuildFile; fileRef = F30969AA2E7C067A00F4AD4C /* CarCareBikeVMTests.swift */; };
		F30969AF2E7C645400F4AD4C /* CarCareMaintenanceVMTests.swift in Sources */ = {isa = PBXBuildFile; fileRef = F30969AE2E7C645400F4AD4C /* CarCareMaintenanceVMTests.swift */; };
		F30969B12E7C65BE00F4AD4C /* FakeMaintenanceVM.swift in Sources */ = {isa = PBXBuildFile; fileRef = F30969B02E7C65BE00F4AD4C /* FakeMaintenanceVM.swift */; };
		F30969B32E7C66BB00F4AD4C /* FakeBikeStore.swift in Sources */ = {isa = PBXBuildFile; fileRef = F30969B22E7C66BB00F4AD4C /* FakeBikeStore.swift */; };
		F30969B52E7C6F2300F4AD4C /* NotificationVMFake.swift in Sources */ = {isa = PBXBuildFile; fileRef = F30969B42E7C6F2300F4AD4C /* NotificationVMFake.swift */; };
		F31F12F42E7EC9D600BEBA15 /* OnboardingView.swift in Sources */ = {isa = PBXBuildFile; fileRef = F31F12F32E7EC9D600BEBA15 /* OnboardingView.swift */; };
		F31F12FF2E7ED17800BEBA15 /* AnimationView.swift in Sources */ = {isa = PBXBuildFile; fileRef = F31F12FE2E7ED17800BEBA15 /* AnimationView.swift */; };
		F31F13072E7ED79200BEBA15 /* Cycling.gif in Resources */ = {isa = PBXBuildFile; fileRef = F31F13062E7ED79200BEBA15 /* Cycling.gif */; };
		F3284A4C2E8169E7008E7920 /* Constants.swift in Sources */ = {isa = PBXBuildFile; fileRef = F3284A4B2E8169E7008E7920 /* Constants.swift */; };
		F339FAAA2E54842A00F2CECC /* ToDoMaintenanceRow.swift in Sources */ = {isa = PBXBuildFile; fileRef = F339FAA92E54842A00F2CECC /* ToDoMaintenanceRow.swift */; };
		F339FB232E54D06C00F2CECC /* MaintenanceDetailsView.swift in Sources */ = {isa = PBXBuildFile; fileRef = F339FB222E54D06C00F2CECC /* MaintenanceDetailsView.swift */; };
		F339FB272E54D63B00F2CECC /* DaysIndicatorView.swift in Sources */ = {isa = PBXBuildFile; fileRef = F339FB262E54D63B00F2CECC /* DaysIndicatorView.swift */; };
		F354D6DC2EAF7D660029A359 /* AdviceView.swift in Sources */ = {isa = PBXBuildFile; fileRef = F354D6DB2EAF7D660029A359 /* AdviceView.swift */; };
		F361F6122EB8B2FD00100008 /* DashboardView.swift in Sources */ = {isa = PBXBuildFile; fileRef = F361F6112EB8B2FD00100008 /* DashboardView.swift */; };
		F361F6142EB8BD5100100008 /* BikeDetailsSheet.swift in Sources */ = {isa = PBXBuildFile; fileRef = F361F6132EB8BD5100100008 /* BikeDetailsSheet.swift */; };
		F361F6162EB8C1DC00100008 /* RoundedCorner.swift in Sources */ = {isa = PBXBuildFile; fileRef = F361F6152EB8C1DC00100008 /* RoundedCorner.swift */; };
		F361F6192EB8E95E00100008 /* LaunchView.swift in Sources */ = {isa = PBXBuildFile; fileRef = F361F6182EB8E95E00100008 /* LaunchView.swift */; };
		F36E4A532E7D6CD600EB2FF5 /* FakeNotificationCenter.swift in Sources */ = {isa = PBXBuildFile; fileRef = F36E4A522E7D6CD600EB2FF5 /* FakeNotificationCenter.swift */; };
		F36E4A552E7D6D6300EB2FF5 /* FakeMaintenanceVM2.swift in Sources */ = {isa = PBXBuildFile; fileRef = F36E4A542E7D6D6300EB2FF5 /* FakeMaintenanceVM2.swift */; };
		F36E4A572E7D6DA500EB2FF5 /* CarCareNotificationVMTests.swift in Sources */ = {isa = PBXBuildFile; fileRef = F36E4A562E7D6DA500EB2FF5 /* CarCareNotificationVMTests.swift */; };
		F36E4A592E7D70B100EB2FF5 /* CarCareDashboardViewModelTests.swift in Sources */ = {isa = PBXBuildFile; fileRef = F36E4A582E7D70B100EB2FF5 /* CarCareDashboardViewModelTests.swift */; };
		F36E4A5C2E7D70EC00EB2FF5 /* FakeMaintenanceVM3.swift in Sources */ = {isa = PBXBuildFile; fileRef = F36E4A5B2E7D70EC00EB2FF5 /* FakeMaintenanceVM3.swift */; };
		F36E4A5E2E7D86A700EB2FF5 /* CarCareAddMaintenanceVMTests.swift in Sources */ = {isa = PBXBuildFile; fileRef = F36E4A5D2E7D86A700EB2FF5 /* CarCareAddMaintenanceVMTests.swift */; };
		F36E4A602E7D877800EB2FF5 /* FakeNotificationVM.swift in Sources */ = {isa = PBXBuildFile; fileRef = F36E4A5F2E7D877800EB2FF5 /* FakeNotificationVM.swift */; };
		F36E4A632E7D8B8000EB2FF5 /* CarCareAddMaintenanceDetailsVMTests.swift in Sources */ = {isa = PBXBuildFile; fileRef = F36E4A622E7D8B8000EB2FF5 /* CarCareAddMaintenanceDetailsVMTests.swift */; };
		F36E4A652E7D8BDA00EB2FF5 /* FakeMaintenanceLoader.swift in Sources */ = {isa = PBXBuildFile; fileRef = F36E4A642E7D8BDA00EB2FF5 /* FakeMaintenanceLoader.swift */; };
		F3775CF52EA6966300F890E6 /* BikePhotoPickerView.swift in Sources */ = {isa = PBXBuildFile; fileRef = F3775CF42EA6966300F890E6 /* BikePhotoPickerView.swift */; };
		F3775CF72EA6978000F890E6 /* ImagePickerHelper.swift in Sources */ = {isa = PBXBuildFile; fileRef = F3775CF62EA6978000F890E6 /* ImagePickerHelper.swift */; };
		F37D82832E5F601800F92A50 /* CustomTextField.swift in Sources */ = {isa = PBXBuildFile; fileRef = F37D82822E5F601800F92A50 /* CustomTextField.swift */; };
		F37D82852E5F80ED00F92A50 /* PrimaryButton.swift in Sources */ = {isa = PBXBuildFile; fileRef = F37D82842E5F80ED00F92A50 /* PrimaryButton.swift */; };
		F3823AE92E5C635E00B9331B /* SettingsView.swift in Sources */ = {isa = PBXBuildFile; fileRef = F3823AE82E5C635E00B9331B /* SettingsView.swift */; };
		F3823AEC2E5C680F00B9331B /* NotificationIntroView.swift in Sources */ = {isa = PBXBuildFile; fileRef = F3823AEB2E5C680F00B9331B /* NotificationIntroView.swift */; };
		F3823AF32E5C8DA600B9331B /* LegalView.swift in Sources */ = {isa = PBXBuildFile; fileRef = F3823AF22E5C8DA600B9331B /* LegalView.swift */; };
		F3823AF52E5C9AB700B9331B /* NotificationViewModel.swift in Sources */ = {isa = PBXBuildFile; fileRef = F3823AF42E5C9AB700B9331B /* NotificationViewModel.swift */; };
		F3823AF72E5C9E4400B9331B /* AppError.swift in Sources */ = {isa = PBXBuildFile; fileRef = F3823AF62E5C9E4400B9331B /* AppError.swift */; };
		F3877CE82E672CF900CEECA9 /* MaintenanceDetailsVM.swift in Sources */ = {isa = PBXBuildFile; fileRef = F3877CE72E672CF900CEECA9 /* MaintenanceDetailsVM.swift */; };
		F3912FC82EDDD0550093E7BD /* ReminderSchedule.swift in Sources */ = {isa = PBXBuildFile; fileRef = F3912FC72EDDD0550093E7BD /* ReminderSchedule.swift */; };
		F3912FCA2EDDD6760093E7BD /* AuthorizationStatus.swift in Sources */ = {isa = PBXBuildFile; fileRef = F3912FC92EDDD6760093E7BD /* AuthorizationStatus.swift */; };
		F39381FF2EAB66EC009D27F1 /* CircularProgressView.swift in Sources */ = {isa = PBXBuildFile; fileRef = F39381FE2EAB66EC009D27F1 /* CircularProgressView.swift */; };
		F39382012EABB2A7009D27F1 /* MaintenanceDetailsBackgroundView.swift in Sources */ = {isa = PBXBuildFile; fileRef = F39382002EABB2A7009D27F1 /* MaintenanceDetailsBackgroundView.swift */; };
		F39382052EABD379009D27F1 /* ConfettiSwiftUI in Frameworks */ = {isa = PBXBuildFile; productRef = F39382042EABD379009D27F1 /* ConfettiSwiftUI */; };
		F39891512E77101400245639 /* ExportPDFHelper.swift in Sources */ = {isa = PBXBuildFile; fileRef = F39891502E77101400245639 /* ExportPDFHelper.swift */; };
		F39891562E771D0E00245639 /* PaywallView.swift in Sources */ = {isa = PBXBuildFile; fileRef = F39891552E771D0E00245639 /* PaywallView.swift */; };
		F39891582E77233200245639 /* PlanSelectorButton.swift in Sources */ = {isa = PBXBuildFile; fileRef = F39891572E77233200245639 /* PlanSelectorButton.swift */; };
		F3A0D96B2EDF4CBB00CA26A1 /* FakeBikeVM.swift in Sources */ = {isa = PBXBuildFile; fileRef = F3A0D96A2EDF4CBB00CA26A1 /* FakeBikeVM.swift */; };
		F3B77C942E50714E00548F2D /* MaintenanceStatus.swift in Sources */ = {isa = PBXBuildFile; fileRef = F3B77C932E50714E00548F2D /* MaintenanceStatus.swift */; };
		F3B77C962E5080D000548F2D /* AddMaintenanceView.swift in Sources */ = {isa = PBXBuildFile; fileRef = F3B77C952E5080D000548F2D /* AddMaintenanceView.swift */; };
		F3B77CA62E50DF9300548F2D /* BikeModificationsView.swift in Sources */ = {isa = PBXBuildFile; fileRef = F3B77CA52E50DF9300548F2D /* BikeModificationsView.swift */; };
		F3BDB2E82E55EFDE0041F142 /* BikeVM.swift in Sources */ = {isa = PBXBuildFile; fileRef = F3BDB2E72E55EFDE0041F142 /* BikeVM.swift */; };
		F3BDB2EA2E55F0840041F142 /* MaintenanceVM.swift in Sources */ = {isa = PBXBuildFile; fileRef = F3BDB2E92E55F0840041F142 /* MaintenanceVM.swift */; };
		F3BDB2F12E56033C0041F142 /* MaintenanceType.swift in Sources */ = {isa = PBXBuildFile; fileRef = F3BDB2F02E56033C0041F142 /* MaintenanceType.swift */; };
		F3BDB2F32E56035B0041F142 /* BikeType.swift in Sources */ = {isa = PBXBuildFile; fileRef = F3BDB2F22E56035B0041F142 /* BikeType.swift */; };
		F3BFC99E2E33810900043AB8 /* Assets.xcassets in Resources */ = {isa = PBXBuildFile; fileRef = F3BFC9952E33810900043AB8 /* Assets.xcassets */; };
		F3BFC9A02E33810900043AB8 /* Maintenance.swift in Sources */ = {isa = PBXBuildFile; fileRef = F3BFC9692E33810900043AB8 /* Maintenance.swift */; };
		F3BFC9A22E33810900043AB8 /* Bike.swift in Sources */ = {isa = PBXBuildFile; fileRef = F3BFC96B2E33810900043AB8 /* Bike.swift */; };
		F3BFC9A32E33810900043AB8 /* CarCare.xcdatamodeld in Sources */ = {isa = PBXBuildFile; fileRef = F3BFC96D2E33810900043AB8 /* CarCare.xcdatamodeld */; };
		F3BFC9A42E33810900043AB8 /* CoreData+Helpers.swift in Sources */ = {isa = PBXBuildFile; fileRef = F3BFC96E2E33810900043AB8 /* CoreData+Helpers.swift */; };
		F3BFC9A52E33810900043AB8 /* CoreDataManager.swift in Sources */ = {isa = PBXBuildFile; fileRef = F3BFC96F2E33810900043AB8 /* CoreDataManager.swift */; };
		F3BFC9A62E33810900043AB8 /* CoreDataManager+MaintenanceStore.swift in Sources */ = {isa = PBXBuildFile; fileRef = F3BFC9702E33810900043AB8 /* CoreDataManager+MaintenanceStore.swift */; };
		F3BFC9A82E33810900043AB8 /* CoreDataManager+BikeStore.swift in Sources */ = {isa = PBXBuildFile; fileRef = F3BFC9722E33810900043AB8 /* CoreDataManager+BikeStore.swift */; };
		F3BFC9A92E33810900043AB8 /* ManagedMaintenance.swift in Sources */ = {isa = PBXBuildFile; fileRef = F3BFC9732E33810900043AB8 /* ManagedMaintenance.swift */; };
		F3BFC9AB2E33810900043AB8 /* ManagedBike.swift in Sources */ = {isa = PBXBuildFile; fileRef = F3BFC9752E33810900043AB8 /* ManagedBike.swift */; };
		F3BFC9AC2E33810900043AB8 /* LocalMaintenance.swift in Sources */ = {isa = PBXBuildFile; fileRef = F3BFC9782E33810900043AB8 /* LocalMaintenance.swift */; };
		F3BFC9AD2E33810900043AB8 /* LocalMaintenanceLoader.swift in Sources */ = {isa = PBXBuildFile; fileRef = F3BFC9792E33810900043AB8 /* LocalMaintenanceLoader.swift */; };
		F3BFC9B02E33810900043AB8 /* LocalBike.swift in Sources */ = {isa = PBXBuildFile; fileRef = F3BFC97C2E33810900043AB8 /* LocalBike.swift */; };
		F3BFC9B12E33810900043AB8 /* LocalBikeLoader.swift in Sources */ = {isa = PBXBuildFile; fileRef = F3BFC97D2E33810900043AB8 /* LocalBikeLoader.swift */; };
		F3BFC9B22E33810900043AB8 /* MaintenanceStore.swift in Sources */ = {isa = PBXBuildFile; fileRef = F3BFC97E2E33810900043AB8 /* MaintenanceStore.swift */; };
		F3BFC9B42E33810900043AB8 /* BikeStore.swift in Sources */ = {isa = PBXBuildFile; fileRef = F3BFC9802E33810900043AB8 /* BikeStore.swift */; };
		F3BFC9B52E33810900043AB8 /* DashboardOldView.swift in Sources */ = {isa = PBXBuildFile; fileRef = F3BFC9842E33810900043AB8 /* DashboardOldView.swift */; };
		F3BFC9B82E33810900043AB8 /* MaintenanceView.swift in Sources */ = {isa = PBXBuildFile; fileRef = F3BFC9892E33810900043AB8 /* MaintenanceView.swift */; };
		F3BFC9BA2E33810900043AB8 /* RegistrationView.swift in Sources */ = {isa = PBXBuildFile; fileRef = F3BFC98D2E33810900043AB8 /* RegistrationView.swift */; };
		F3BFC9BE2E33810900043AB8 /* AppState.swift in Sources */ = {isa = PBXBuildFile; fileRef = F3BFC9942E33810900043AB8 /* AppState.swift */; };
		F3BFC9BF2E33810900043AB8 /* CarCareApp.swift in Sources */ = {isa = PBXBuildFile; fileRef = F3BFC9962E33810900043AB8 /* CarCareApp.swift */; };
		F3BFC9C02E33810900043AB8 /* ContentView.swift in Sources */ = {isa = PBXBuildFile; fileRef = F3BFC9972E33810900043AB8 /* ContentView.swift */; };
		F3BFC9C12E33810900043AB8 /* DependencyContainer.swift in Sources */ = {isa = PBXBuildFile; fileRef = F3BFC9982E33810900043AB8 /* DependencyContainer.swift */; };
		F3BFC9C32E33810900043AB8 /* NullStore.swift in Sources */ = {isa = PBXBuildFile; fileRef = F3BFC99A2E33810900043AB8 /* NullStore.swift */; };
		F3BFC9D22E33810900043AB8 /* CarCare.xcdatamodeld in Sources */ = {isa = PBXBuildFile; fileRef = F3BFC96D2E33810900043AB8 /* CarCare.xcdatamodeld */; };
		F3CA523C2E785B1300819C37 /* SubscriptionManager.swift in Sources */ = {isa = PBXBuildFile; fileRef = F3CA523B2E785B1300819C37 /* SubscriptionManager.swift */; };
		F3D7756C2E8A857D00BC2452 /* MaintenanceDescription.swift in Sources */ = {isa = PBXBuildFile; fileRef = F3D7756B2E8A857D00BC2452 /* MaintenanceDescription.swift */; };
		F3D7756E2E8A85D600BC2452 /* LocalizationKeys.swift in Sources */ = {isa = PBXBuildFile; fileRef = F3D7756D2E8A85D600BC2452 /* LocalizationKeys.swift */; };
		F3D775702E8AB71600BC2452 /* JustifiedText.swift in Sources */ = {isa = PBXBuildFile; fileRef = F3D7756F2E8AB71600BC2452 /* JustifiedText.swift */; };
		F3D7FC962E6332FE0042A29A /* DoneMaintenanceRow.swift in Sources */ = {isa = PBXBuildFile; fileRef = F3D7FC952E6332FE0042A29A /* DoneMaintenanceRow.swift */; };
		F3D7FC9C2E633FE30042A29A /* DashboardVM.swift in Sources */ = {isa = PBXBuildFile; fileRef = F3D7FC9B2E633FE30042A29A /* DashboardVM.swift */; };
		F3D7FC9E2E6342E40042A29A /* AddMaintenanceVM.swift in Sources */ = {isa = PBXBuildFile; fileRef = F3D7FC9D2E6342E40042A29A /* AddMaintenanceVM.swift */; };
		F3D7FCA02E6344250042A29A /* MaintenanceListVM.swift in Sources */ = {isa = PBXBuildFile; fileRef = F3D7FC9F2E6344250042A29A /* MaintenanceListVM.swift */; };
		F3E8DDF72E6B35410056C714 /* Localizable.strings in Resources */ = {isa = PBXBuildFile; fileRef = F3E8DDF52E6B35410056C714 /* Localizable.strings */; };
		F3E8DDF82E6B35410056C714 /* Localizable.strings in Resources */ = {isa = PBXBuildFile; fileRef = F3E8DDF52E6B35410056C714 /* Localizable.strings */; };
		F3E8DDFE2E6B36280056C714 /* Localizable.strings in Resources */ = {isa = PBXBuildFile; fileRef = F3E8DDFC2E6B36280056C714 /* Localizable.strings */; };
		F3E8DE012E6B36320056C714 /* Localizable.strings in Resources */ = {isa = PBXBuildFile; fileRef = F3E8DDFF2E6B36320056C714 /* Localizable.strings */; };
		F3E8DE022E6B36320056C714 /* Localizable.strings in Resources */ = {isa = PBXBuildFile; fileRef = F3E8DDFF2E6B36320056C714 /* Localizable.strings */; };
/* End PBXBuildFile section */

/* Begin PBXContainerItemProxy section */
		F31F73E92E26585B00334333 /* PBXContainerItemProxy */ = {
			isa = PBXContainerItemProxy;
			containerPortal = F31F73D32E26585A00334333 /* Project object */;
			proxyType = 1;
			remoteGlobalIDString = F31F73DA2E26585A00334333;
			remoteInfo = CarCare;
		};
/* End PBXContainerItemProxy section */

/* Begin PBXFileReference section */
		F30969AA2E7C067A00F4AD4C /* CarCareBikeVMTests.swift */ = {isa = PBXFileReference; lastKnownFileType = sourcecode.swift; path = CarCareBikeVMTests.swift; sourceTree = "<group>"; };
		F30969AE2E7C645400F4AD4C /* CarCareMaintenanceVMTests.swift */ = {isa = PBXFileReference; lastKnownFileType = sourcecode.swift; path = CarCareMaintenanceVMTests.swift; sourceTree = "<group>"; };
		F30969B02E7C65BE00F4AD4C /* FakeMaintenanceVM.swift */ = {isa = PBXFileReference; lastKnownFileType = sourcecode.swift; path = FakeMaintenanceVM.swift; sourceTree = "<group>"; };
		F30969B22E7C66BB00F4AD4C /* FakeBikeStore.swift */ = {isa = PBXFileReference; lastKnownFileType = sourcecode.swift; path = FakeBikeStore.swift; sourceTree = "<group>"; };
		F30969B42E7C6F2300F4AD4C /* NotificationVMFake.swift */ = {isa = PBXFileReference; lastKnownFileType = sourcecode.swift; path = NotificationVMFake.swift; sourceTree = "<group>"; };
		F31F12F32E7EC9D600BEBA15 /* OnboardingView.swift */ = {isa = PBXFileReference; lastKnownFileType = sourcecode.swift; path = OnboardingView.swift; sourceTree = "<group>"; };
		F31F12FE2E7ED17800BEBA15 /* AnimationView.swift */ = {isa = PBXFileReference; lastKnownFileType = sourcecode.swift; path = AnimationView.swift; sourceTree = "<group>"; };
		F31F13062E7ED79200BEBA15 /* Cycling.gif */ = {isa = PBXFileReference; lastKnownFileType = image.gif; path = Cycling.gif; sourceTree = "<group>"; };
		F31F73DB2E26585A00334333 /* CarCare.app */ = {isa = PBXFileReference; explicitFileType = wrapper.application; includeInIndex = 0; path = CarCare.app; sourceTree = BUILT_PRODUCTS_DIR; };
		F31F73E82E26585B00334333 /* CarCareTests.xctest */ = {isa = PBXFileReference; explicitFileType = wrapper.cfbundle; includeInIndex = 0; path = CarCareTests.xctest; sourceTree = BUILT_PRODUCTS_DIR; };
		F3284A4B2E8169E7008E7920 /* Constants.swift */ = {isa = PBXFileReference; lastKnownFileType = sourcecode.swift; path = Constants.swift; sourceTree = "<group>"; };
		F339FAA92E54842A00F2CECC /* ToDoMaintenanceRow.swift */ = {isa = PBXFileReference; lastKnownFileType = sourcecode.swift; path = ToDoMaintenanceRow.swift; sourceTree = "<group>"; };
		F339FB222E54D06C00F2CECC /* MaintenanceDetailsView.swift */ = {isa = PBXFileReference; lastKnownFileType = sourcecode.swift; path = MaintenanceDetailsView.swift; sourceTree = "<group>"; };
		F339FB262E54D63B00F2CECC /* DaysIndicatorView.swift */ = {isa = PBXFileReference; lastKnownFileType = sourcecode.swift; path = DaysIndicatorView.swift; sourceTree = "<group>"; };
		F354D6DB2EAF7D660029A359 /* AdviceView.swift */ = {isa = PBXFileReference; lastKnownFileType = sourcecode.swift; path = AdviceView.swift; sourceTree = "<group>"; };
		F361F6112EB8B2FD00100008 /* DashboardView.swift */ = {isa = PBXFileReference; lastKnownFileType = sourcecode.swift; path = DashboardView.swift; sourceTree = "<group>"; };
		F361F6132EB8BD5100100008 /* BikeDetailsSheet.swift */ = {isa = PBXFileReference; lastKnownFileType = sourcecode.swift; path = BikeDetailsSheet.swift; sourceTree = "<group>"; };
		F361F6152EB8C1DC00100008 /* RoundedCorner.swift */ = {isa = PBXFileReference; lastKnownFileType = sourcecode.swift; path = RoundedCorner.swift; sourceTree = "<group>"; };
		F361F6182EB8E95E00100008 /* LaunchView.swift */ = {isa = PBXFileReference; lastKnownFileType = sourcecode.swift; path = LaunchView.swift; sourceTree = "<group>"; };
		F36E4A522E7D6CD600EB2FF5 /* FakeNotificationCenter.swift */ = {isa = PBXFileReference; lastKnownFileType = sourcecode.swift; path = FakeNotificationCenter.swift; sourceTree = "<group>"; };
		F36E4A542E7D6D6300EB2FF5 /* FakeMaintenanceVM2.swift */ = {isa = PBXFileReference; lastKnownFileType = sourcecode.swift; path = FakeMaintenanceVM2.swift; sourceTree = "<group>"; };
		F36E4A562E7D6DA500EB2FF5 /* CarCareNotificationVMTests.swift */ = {isa = PBXFileReference; lastKnownFileType = sourcecode.swift; path = CarCareNotificationVMTests.swift; sourceTree = "<group>"; };
		F36E4A582E7D70B100EB2FF5 /* CarCareDashboardViewModelTests.swift */ = {isa = PBXFileReference; lastKnownFileType = sourcecode.swift; path = CarCareDashboardViewModelTests.swift; sourceTree = "<group>"; };
		F36E4A5B2E7D70EC00EB2FF5 /* FakeMaintenanceVM3.swift */ = {isa = PBXFileReference; lastKnownFileType = sourcecode.swift; path = FakeMaintenanceVM3.swift; sourceTree = "<group>"; };
		F36E4A5D2E7D86A700EB2FF5 /* CarCareAddMaintenanceVMTests.swift */ = {isa = PBXFileReference; lastKnownFileType = sourcecode.swift; path = CarCareAddMaintenanceVMTests.swift; sourceTree = "<group>"; };
		F36E4A5F2E7D877800EB2FF5 /* FakeNotificationVM.swift */ = {isa = PBXFileReference; lastKnownFileType = sourcecode.swift; path = FakeNotificationVM.swift; sourceTree = "<group>"; };
		F36E4A622E7D8B8000EB2FF5 /* CarCareAddMaintenanceDetailsVMTests.swift */ = {isa = PBXFileReference; lastKnownFileType = sourcecode.swift; path = CarCareAddMaintenanceDetailsVMTests.swift; sourceTree = "<group>"; };
		F36E4A642E7D8BDA00EB2FF5 /* FakeMaintenanceLoader.swift */ = {isa = PBXFileReference; lastKnownFileType = sourcecode.swift; path = FakeMaintenanceLoader.swift; sourceTree = "<group>"; };
		F3775CF42EA6966300F890E6 /* BikePhotoPickerView.swift */ = {isa = PBXFileReference; lastKnownFileType = sourcecode.swift; path = BikePhotoPickerView.swift; sourceTree = "<group>"; };
		F3775CF62EA6978000F890E6 /* ImagePickerHelper.swift */ = {isa = PBXFileReference; lastKnownFileType = sourcecode.swift; path = ImagePickerHelper.swift; sourceTree = "<group>"; };
		F37D82562E5F552400F92A50 /* Info.plist */ = {isa = PBXFileReference; lastKnownFileType = text.plist.xml; path = Info.plist; sourceTree = "<group>"; };
		F37D82822E5F601800F92A50 /* CustomTextField.swift */ = {isa = PBXFileReference; lastKnownFileType = sourcecode.swift; path = CustomTextField.swift; sourceTree = "<group>"; };
		F37D82842E5F80ED00F92A50 /* PrimaryButton.swift */ = {isa = PBXFileReference; lastKnownFileType = sourcecode.swift; path = PrimaryButton.swift; sourceTree = "<group>"; };
		F3823AE82E5C635E00B9331B /* SettingsView.swift */ = {isa = PBXFileReference; lastKnownFileType = sourcecode.swift; path = SettingsView.swift; sourceTree = "<group>"; };
		F3823AEB2E5C680F00B9331B /* NotificationIntroView.swift */ = {isa = PBXFileReference; lastKnownFileType = sourcecode.swift; path = NotificationIntroView.swift; sourceTree = "<group>"; };
		F3823AF22E5C8DA600B9331B /* LegalView.swift */ = {isa = PBXFileReference; lastKnownFileType = sourcecode.swift; path = LegalView.swift; sourceTree = "<group>"; };
		F3823AF42E5C9AB700B9331B /* NotificationViewModel.swift */ = {isa = PBXFileReference; lastKnownFileType = sourcecode.swift; path = NotificationViewModel.swift; sourceTree = "<group>"; };
		F3823AF62E5C9E4400B9331B /* AppError.swift */ = {isa = PBXFileReference; lastKnownFileType = sourcecode.swift; path = AppError.swift; sourceTree = "<group>"; };
		F3877CE72E672CF900CEECA9 /* MaintenanceDetailsVM.swift */ = {isa = PBXFileReference; lastKnownFileType = sourcecode.swift; path = MaintenanceDetailsVM.swift; sourceTree = "<group>"; };
		F3912FC72EDDD0550093E7BD /* ReminderSchedule.swift */ = {isa = PBXFileReference; lastKnownFileType = sourcecode.swift; path = ReminderSchedule.swift; sourceTree = "<group>"; };
		F3912FC92EDDD6760093E7BD /* AuthorizationStatus.swift */ = {isa = PBXFileReference; lastKnownFileType = sourcecode.swift; path = AuthorizationStatus.swift; sourceTree = "<group>"; };
		F39381FE2EAB66EC009D27F1 /* CircularProgressView.swift */ = {isa = PBXFileReference; lastKnownFileType = sourcecode.swift; path = CircularProgressView.swift; sourceTree = "<group>"; };
		F39382002EABB2A7009D27F1 /* MaintenanceDetailsBackgroundView.swift */ = {isa = PBXFileReference; lastKnownFileType = sourcecode.swift; path = MaintenanceDetailsBackgroundView.swift; sourceTree = "<group>"; };
		F39891502E77101400245639 /* ExportPDFHelper.swift */ = {isa = PBXFileReference; lastKnownFileType = sourcecode.swift; path = ExportPDFHelper.swift; sourceTree = "<group>"; };
		F39891552E771D0E00245639 /* PaywallView.swift */ = {isa = PBXFileReference; lastKnownFileType = sourcecode.swift; path = PaywallView.swift; sourceTree = "<group>"; };
		F39891572E77233200245639 /* PlanSelectorButton.swift */ = {isa = PBXFileReference; lastKnownFileType = sourcecode.swift; path = PlanSelectorButton.swift; sourceTree = "<group>"; };
		F3A0D96A2EDF4CBB00CA26A1 /* FakeBikeVM.swift */ = {isa = PBXFileReference; lastKnownFileType = sourcecode.swift; path = FakeBikeVM.swift; sourceTree = "<group>"; };
		F3B77C932E50714E00548F2D /* MaintenanceStatus.swift */ = {isa = PBXFileReference; lastKnownFileType = sourcecode.swift; path = MaintenanceStatus.swift; sourceTree = "<group>"; };
		F3B77C952E5080D000548F2D /* AddMaintenanceView.swift */ = {isa = PBXFileReference; lastKnownFileType = sourcecode.swift; path = AddMaintenanceView.swift; sourceTree = "<group>"; };
		F3B77CA52E50DF9300548F2D /* BikeModificationsView.swift */ = {isa = PBXFileReference; lastKnownFileType = sourcecode.swift; path = BikeModificationsView.swift; sourceTree = "<group>"; };
		F3BDB2E72E55EFDE0041F142 /* BikeVM.swift */ = {isa = PBXFileReference; lastKnownFileType = sourcecode.swift; path = BikeVM.swift; sourceTree = "<group>"; };
		F3BDB2E92E55F0840041F142 /* MaintenanceVM.swift */ = {isa = PBXFileReference; lastKnownFileType = sourcecode.swift; path = MaintenanceVM.swift; sourceTree = "<group>"; };
		F3BDB2F02E56033C0041F142 /* MaintenanceType.swift */ = {isa = PBXFileReference; lastKnownFileType = sourcecode.swift; path = MaintenanceType.swift; sourceTree = "<group>"; };
		F3BDB2F22E56035B0041F142 /* BikeType.swift */ = {isa = PBXFileReference; lastKnownFileType = sourcecode.swift; path = BikeType.swift; sourceTree = "<group>"; };
		F3BFC9692E33810900043AB8 /* Maintenance.swift */ = {isa = PBXFileReference; lastKnownFileType = sourcecode.swift; path = Maintenance.swift; sourceTree = "<group>"; };
		F3BFC96B2E33810900043AB8 /* Bike.swift */ = {isa = PBXFileReference; lastKnownFileType = sourcecode.swift; path = Bike.swift; sourceTree = "<group>"; };
		F3BFC96E2E33810900043AB8 /* CoreData+Helpers.swift */ = {isa = PBXFileReference; lastKnownFileType = sourcecode.swift; path = "CoreData+Helpers.swift"; sourceTree = "<group>"; };
		F3BFC96F2E33810900043AB8 /* CoreDataManager.swift */ = {isa = PBXFileReference; lastKnownFileType = sourcecode.swift; path = CoreDataManager.swift; sourceTree = "<group>"; };
		F3BFC9702E33810900043AB8 /* CoreDataManager+MaintenanceStore.swift */ = {isa = PBXFileReference; lastKnownFileType = sourcecode.swift; path = "CoreDataManager+MaintenanceStore.swift"; sourceTree = "<group>"; };
		F3BFC9722E33810900043AB8 /* CoreDataManager+BikeStore.swift */ = {isa = PBXFileReference; lastKnownFileType = sourcecode.swift; path = "CoreDataManager+BikeStore.swift"; sourceTree = "<group>"; };
		F3BFC9732E33810900043AB8 /* ManagedMaintenance.swift */ = {isa = PBXFileReference; lastKnownFileType = sourcecode.swift; path = ManagedMaintenance.swift; sourceTree = "<group>"; };
		F3BFC9752E33810900043AB8 /* ManagedBike.swift */ = {isa = PBXFileReference; lastKnownFileType = sourcecode.swift; path = ManagedBike.swift; sourceTree = "<group>"; };
		F3BFC9782E33810900043AB8 /* LocalMaintenance.swift */ = {isa = PBXFileReference; lastKnownFileType = sourcecode.swift; path = LocalMaintenance.swift; sourceTree = "<group>"; };
		F3BFC9792E33810900043AB8 /* LocalMaintenanceLoader.swift */ = {isa = PBXFileReference; lastKnownFileType = sourcecode.swift; path = LocalMaintenanceLoader.swift; sourceTree = "<group>"; };
		F3BFC97C2E33810900043AB8 /* LocalBike.swift */ = {isa = PBXFileReference; lastKnownFileType = sourcecode.swift; path = LocalBike.swift; sourceTree = "<group>"; };
		F3BFC97D2E33810900043AB8 /* LocalBikeLoader.swift */ = {isa = PBXFileReference; lastKnownFileType = sourcecode.swift; path = LocalBikeLoader.swift; sourceTree = "<group>"; };
		F3BFC97E2E33810900043AB8 /* MaintenanceStore.swift */ = {isa = PBXFileReference; lastKnownFileType = sourcecode.swift; path = MaintenanceStore.swift; sourceTree = "<group>"; };
		F3BFC9802E33810900043AB8 /* BikeStore.swift */ = {isa = PBXFileReference; lastKnownFileType = sourcecode.swift; path = BikeStore.swift; sourceTree = "<group>"; };
		F3BFC9842E33810900043AB8 /* DashboardOldView.swift */ = {isa = PBXFileReference; lastKnownFileType = sourcecode.swift; path = DashboardOldView.swift; sourceTree = "<group>"; };
		F3BFC9892E33810900043AB8 /* MaintenanceView.swift */ = {isa = PBXFileReference; lastKnownFileType = sourcecode.swift; path = MaintenanceView.swift; sourceTree = "<group>"; };
		F3BFC98D2E33810900043AB8 /* RegistrationView.swift */ = {isa = PBXFileReference; lastKnownFileType = sourcecode.swift; path = RegistrationView.swift; sourceTree = "<group>"; };
		F3BFC9942E33810900043AB8 /* AppState.swift */ = {isa = PBXFileReference; lastKnownFileType = sourcecode.swift; path = AppState.swift; sourceTree = "<group>"; };
		F3BFC9952E33810900043AB8 /* Assets.xcassets */ = {isa = PBXFileReference; lastKnownFileType = folder.assetcatalog; path = Assets.xcassets; sourceTree = "<group>"; };
		F3BFC9962E33810900043AB8 /* CarCareApp.swift */ = {isa = PBXFileReference; indentWidth = 3; lastKnownFileType = sourcecode.swift; path = CarCareApp.swift; sourceTree = "<group>"; };
		F3BFC9972E33810900043AB8 /* ContentView.swift */ = {isa = PBXFileReference; lastKnownFileType = sourcecode.swift; path = ContentView.swift; sourceTree = "<group>"; };
		F3BFC9982E33810900043AB8 /* DependencyContainer.swift */ = {isa = PBXFileReference; lastKnownFileType = sourcecode.swift; path = DependencyContainer.swift; sourceTree = "<group>"; };
		F3BFC99A2E33810900043AB8 /* NullStore.swift */ = {isa = PBXFileReference; lastKnownFileType = sourcecode.swift; path = NullStore.swift; sourceTree = "<group>"; };
		F3BFC99C2E33810900043AB8 /* CarCare.xcdatamodel */ = {isa = PBXFileReference; lastKnownFileType = wrapper.xcdatamodel; path = CarCare.xcdatamodel; sourceTree = "<group>"; };
		F3CA523B2E785B1300819C37 /* SubscriptionManager.swift */ = {isa = PBXFileReference; lastKnownFileType = sourcecode.swift; path = SubscriptionManager.swift; sourceTree = "<group>"; };
		F3D7756B2E8A857D00BC2452 /* MaintenanceDescription.swift */ = {isa = PBXFileReference; lastKnownFileType = sourcecode.swift; path = MaintenanceDescription.swift; sourceTree = "<group>"; };
		F3D7756D2E8A85D600BC2452 /* LocalizationKeys.swift */ = {isa = PBXFileReference; lastKnownFileType = sourcecode.swift; path = LocalizationKeys.swift; sourceTree = "<group>"; };
		F3D7756F2E8AB71600BC2452 /* JustifiedText.swift */ = {isa = PBXFileReference; lastKnownFileType = sourcecode.swift; path = JustifiedText.swift; sourceTree = "<group>"; };
		F3D7FC952E6332FE0042A29A /* DoneMaintenanceRow.swift */ = {isa = PBXFileReference; lastKnownFileType = sourcecode.swift; path = DoneMaintenanceRow.swift; sourceTree = "<group>"; };
		F3D7FC9B2E633FE30042A29A /* DashboardVM.swift */ = {isa = PBXFileReference; lastKnownFileType = sourcecode.swift; path = DashboardVM.swift; sourceTree = "<group>"; };
		F3D7FC9D2E6342E40042A29A /* AddMaintenanceVM.swift */ = {isa = PBXFileReference; lastKnownFileType = sourcecode.swift; path = AddMaintenanceVM.swift; sourceTree = "<group>"; };
		F3D7FC9F2E6344250042A29A /* MaintenanceListVM.swift */ = {isa = PBXFileReference; lastKnownFileType = sourcecode.swift; path = MaintenanceListVM.swift; sourceTree = "<group>"; };
		F3E8DDF42E6B35410056C714 /* es */ = {isa = PBXFileReference; lastKnownFileType = text.plist.strings; name = es; path = Localizable.strings; sourceTree = "<group>"; };
		F3E8DDFD2E6B36280056C714 /* fr */ = {isa = PBXFileReference; lastKnownFileType = text.plist.strings; name = fr; path = Localizable.strings; sourceTree = "<group>"; };
		F3E8DE002E6B36320056C714 /* en */ = {isa = PBXFileReference; lastKnownFileType = text.plist.strings; name = en; path = en.lproj/Localizable.strings; sourceTree = "<group>"; };
/* End PBXFileReference section */

/* Begin PBXFrameworksBuildPhase section */
		F31F73D82E26585A00334333 /* Frameworks */ = {
			isa = PBXFrameworksBuildPhase;
			buildActionMask = 2147483647;
			files = (
				F39382052EABD379009D27F1 /* ConfettiSwiftUI in Frameworks */,
			);
			runOnlyForDeploymentPostprocessing = 0;
		};
		F31F73E52E26585B00334333 /* Frameworks */ = {
			isa = PBXFrameworksBuildPhase;
			buildActionMask = 2147483647;
			files = (
			);
			runOnlyForDeploymentPostprocessing = 0;
		};
/* End PBXFrameworksBuildPhase section */

/* Begin PBXGroup section */
		F30969A72E7C05AB00F4AD4C /* MaintenanceList */ = {
			isa = PBXGroup;
			children = (
				F38F91522EAA394300B4459A /* ViewModels */,
				F38F91512EAA391800B4459A /* Views */,
			);
			path = MaintenanceList;
			sourceTree = "<group>";
		};
		F30969A82E7C05C500F4AD4C /* MaintenanceDetails */ = {
			isa = PBXGroup;
			children = (
				F38F91502EAA38E000B4459A /* ViewModels */,
				F38F914F2EAA388C00B4459A /* Views */,
				F3D7756F2E8AB71600BC2452 /* JustifiedText.swift */,
			);
			path = MaintenanceDetails;
			sourceTree = "<group>";
		};
		F30969AB2E7C067A00F4AD4C /* CarCareTests */ = {
			isa = PBXGroup;
			children = (
				F36E4A612E7D8B4800EB2FF5 /* CarCareMaintenanceDetailsVMTests */,
				F36E4A5A2E7D70D200EB2FF5 /* CarCareDashboardViewModelTests */,
				F30969AD2E7C068200F4AD4C /* CarCareSharedViewModelsTests */,
			);
			path = CarCareTests;
			sourceTree = "<group>";
		};
		F30969AD2E7C068200F4AD4C /* CarCareSharedViewModelsTests */ = {
			isa = PBXGroup;
			children = (
				F36E4A512E7D6CC700EB2FF5 /* CarCareNtoficationVMTests */,
				F36E4A502E7D6CBA00EB2FF5 /* CarCareMaintenanceVMTests */,
				F36E4A4F2E7D6CB000EB2FF5 /* CarCareBikeVMTests */,
				F30969B02E7C65BE00F4AD4C /* FakeMaintenanceVM.swift */,
				F30969B22E7C66BB00F4AD4C /* FakeBikeStore.swift */,
				F30969B42E7C6F2300F4AD4C /* NotificationVMFake.swift */,
			);
			path = CarCareSharedViewModelsTests;
			sourceTree = "<group>";
		};
		F31F12F22E7EC9C600BEBA15 /* Onboarding */ = {
			isa = PBXGroup;
			children = (
				F31F12F32E7EC9D600BEBA15 /* OnboardingView.swift */,
				F31F12FE2E7ED17800BEBA15 /* AnimationView.swift */,
				F3284A4B2E8169E7008E7920 /* Constants.swift */,
			);
			path = Onboarding;
			sourceTree = "<group>";
		};
		F31F73D22E26585A00334333 = {
			isa = PBXGroup;
			children = (
				F3E8DDFF2E6B36320056C714 /* Localizable.strings */,
				F3E8DDFA2E6B357E0056C714 /* fr.lproj */,
				F3E8DDF62E6B35410056C714 /* es.lproj */,
				F3BFC99B2E33810900043AB8 /* CarCare */,
				F30969AB2E7C067A00F4AD4C /* CarCareTests */,
				F39382032EABD379009D27F1 /* Frameworks */,
				F31F73DC2E26585A00334333 /* Products */,
			);
			sourceTree = "<group>";
		};
		F31F73DC2E26585A00334333 /* Products */ = {
			isa = PBXGroup;
			children = (
				F31F73DB2E26585A00334333 /* CarCare.app */,
				F31F73E82E26585B00334333 /* CarCareTests.xctest */,
			);
			name = Products;
			sourceTree = "<group>";
		};
		F361F6172EB8E94E00100008 /* Launch */ = {
			isa = PBXGroup;
			children = (
				F361F6182EB8E95E00100008 /* LaunchView.swift */,
			);
			path = Launch;
			sourceTree = "<group>";
		};
		F36E4A4F2E7D6CB000EB2FF5 /* CarCareBikeVMTests */ = {
			isa = PBXGroup;
			children = (
				F30969AA2E7C067A00F4AD4C /* CarCareBikeVMTests.swift */,
			);
			path = CarCareBikeVMTests;
			sourceTree = "<group>";
		};
		F36E4A502E7D6CBA00EB2FF5 /* CarCareMaintenanceVMTests */ = {
			isa = PBXGroup;
			children = (
				F30969AE2E7C645400F4AD4C /* CarCareMaintenanceVMTests.swift */,
			);
			path = CarCareMaintenanceVMTests;
			sourceTree = "<group>";
		};
		F36E4A512E7D6CC700EB2FF5 /* CarCareNtoficationVMTests */ = {
			isa = PBXGroup;
			children = (
				F36E4A522E7D6CD600EB2FF5 /* FakeNotificationCenter.swift */,
				F36E4A542E7D6D6300EB2FF5 /* FakeMaintenanceVM2.swift */,
				F36E4A562E7D6DA500EB2FF5 /* CarCareNotificationVMTests.swift */,
			);
			path = CarCareNtoficationVMTests;
			sourceTree = "<group>";
		};
		F36E4A5A2E7D70D200EB2FF5 /* CarCareDashboardViewModelTests */ = {
			isa = PBXGroup;
			children = (
				F36E4A582E7D70B100EB2FF5 /* CarCareDashboardViewModelTests.swift */,
				F36E4A5B2E7D70EC00EB2FF5 /* FakeMaintenanceVM3.swift */,
				F36E4A5D2E7D86A700EB2FF5 /* CarCareAddMaintenanceVMTests.swift */,
				F36E4A5F2E7D877800EB2FF5 /* FakeNotificationVM.swift */,
				F3A0D96A2EDF4CBB00CA26A1 /* FakeBikeVM.swift */,
			);
			path = CarCareDashboardViewModelTests;
			sourceTree = "<group>";
		};
		F36E4A612E7D8B4800EB2FF5 /* CarCareMaintenanceDetailsVMTests */ = {
			isa = PBXGroup;
			children = (
				F36E4A622E7D8B8000EB2FF5 /* CarCareAddMaintenanceDetailsVMTests.swift */,
				F36E4A642E7D8BDA00EB2FF5 /* FakeMaintenanceLoader.swift */,
			);
			path = CarCareMaintenanceDetailsVMTests;
			sourceTree = "<group>";
		};
		F3775CE82EA673D700F890E6 /* Models */ = {
			isa = PBXGroup;
			children = (
				F38F91412EAA17D000B4459A /* Bike */,
				F38F91402EAA17C800B4459A /* Maintenance */,
			);
			path = Models;
			sourceTree = "<group>";
		};
		F37D827C2E5F559400F92A50 /* Resources */ = {
			isa = PBXGroup;
			children = (
				F37D82562E5F552400F92A50 /* Info.plist */,
				F3BFC9952E33810900043AB8 /* Assets.xcassets */,
				F31F13062E7ED79200BEBA15 /* Cycling.gif */,
			);
			path = Resources;
			sourceTree = "<group>";
		};
		F3823AE72E5C635000B9331B /* Settings */ = {
			isa = PBXGroup;
			children = (
				F3823AE82E5C635E00B9331B /* SettingsView.swift */,
				F3823AF22E5C8DA600B9331B /* LegalView.swift */,
			);
			path = Settings;
			sourceTree = "<group>";
		};
		F3823AEA2E5C67FF00B9331B /* Notification */ = {
			isa = PBXGroup;
			children = (
				F3823AEB2E5C680F00B9331B /* NotificationIntroView.swift */,
			);
			path = Notification;
			sourceTree = "<group>";
		};
		F38F913B2EAA15DC00B4459A /* Shared */ = {
			isa = PBXGroup;
			children = (
				F38F913F2EAA16F700B4459A /* Helpers */,
				F38F913E2EAA16ED00B4459A /* Views */,
				F38F913D2EAA167B00B4459A /* ViewModels */,
				F38F913C2EAA15E300B4459A /* Components */,
			);
			path = Shared;
			sourceTree = "<group>";
		};
		F38F913C2EAA15E300B4459A /* Components */ = {
			isa = PBXGroup;
			children = (
				F37D82822E5F601800F92A50 /* CustomTextField.swift */,
				F37D82842E5F80ED00F92A50 /* PrimaryButton.swift */,
			);
			path = Components;
			sourceTree = "<group>";
		};
		F38F913D2EAA167B00B4459A /* ViewModels */ = {
			isa = PBXGroup;
			children = (
				F3823AF42E5C9AB700B9331B /* NotificationViewModel.swift */,
				F3BDB2E92E55F0840041F142 /* MaintenanceVM.swift */,
				F3BDB2E72E55EFDE0041F142 /* BikeVM.swift */,
			);
			path = ViewModels;
			sourceTree = "<group>";
		};
		F38F913E2EAA16ED00B4459A /* Views */ = {
			isa = PBXGroup;
			children = (
				F3775CF42EA6966300F890E6 /* BikePhotoPickerView.swift */,
			);
			path = Views;
			sourceTree = "<group>";
		};
		F38F913F2EAA16F700B4459A /* Helpers */ = {
			isa = PBXGroup;
			children = (
				F39891502E77101400245639 /* ExportPDFHelper.swift */,
				F3775CF62EA6978000F890E6 /* ImagePickerHelper.swift */,
			);
			path = Helpers;
			sourceTree = "<group>";
		};
		F38F91402EAA17C800B4459A /* Maintenance */ = {
			isa = PBXGroup;
			children = (
				F3BFC9692E33810900043AB8 /* Maintenance.swift */,
				F3B77C932E50714E00548F2D /* MaintenanceStatus.swift */,
				F3BDB2F02E56033C0041F142 /* MaintenanceType.swift */,
				F3D7756B2E8A857D00BC2452 /* MaintenanceDescription.swift */,
				F3D7756D2E8A85D600BC2452 /* LocalizationKeys.swift */,
			);
			path = Maintenance;
			sourceTree = "<group>";
		};
		F38F91412EAA17D000B4459A /* Bike */ = {
			isa = PBXGroup;
			children = (
				F3BFC96B2E33810900043AB8 /* Bike.swift */,
				F3BDB2F22E56035B0041F142 /* BikeType.swift */,
			);
			path = Bike;
			sourceTree = "<group>";
		};
		F38F91422EAA185900B4459A /* Core */ = {
			isa = PBXGroup;
			children = (
				F38F914B2EAA1F6A00B4459A /* Subscription */,
				F3BFC96C2E33810900043AB8 /* Domain */,
				F38F91432EAA186400B4459A /* Enums */,
				F3BFC9812E33810900043AB8 /* Local Storage */,
			);
			path = Core;
			sourceTree = "<group>";
		};
		F38F91432EAA186400B4459A /* Enums */ = {
			isa = PBXGroup;
			children = (
				F3823AF62E5C9E4400B9331B /* AppError.swift */,
				F3912FC72EDDD0550093E7BD /* ReminderSchedule.swift */,
				F3912FC92EDDD6760093E7BD /* AuthorizationStatus.swift */,
			);
			path = Enums;
			sourceTree = "<group>";
		};
		F38F91442EAA18E700B4459A /* Models */ = {
			isa = PBXGroup;
			children = (
				F3BFC96D2E33810900043AB8 /* CarCare.xcdatamodeld */,
			);
			path = Models;
			sourceTree = "<group>";
		};
		F38F91452EAA190600B4459A /* Entities */ = {
			isa = PBXGroup;
			children = (
				F3BFC9732E33810900043AB8 /* ManagedMaintenance.swift */,
				F3BFC9752E33810900043AB8 /* ManagedBike.swift */,
			);
			path = Entities;
			sourceTree = "<group>";
		};
		F38F91462EAA195000B4459A /* Extensions */ = {
			isa = PBXGroup;
			children = (
				F3BFC96E2E33810900043AB8 /* CoreData+Helpers.swift */,
				F3BFC9722E33810900043AB8 /* CoreDataManager+BikeStore.swift */,
				F3BFC9702E33810900043AB8 /* CoreDataManager+MaintenanceStore.swift */,
			);
			path = Extensions;
			sourceTree = "<group>";
		};
		F38F91472EAA1D0200B4459A /* Protocols */ = {
			isa = PBXGroup;
			children = (
				F3BFC97E2E33810900043AB8 /* MaintenanceStore.swift */,
				F3BFC9802E33810900043AB8 /* BikeStore.swift */,
			);
			path = Protocols;
			sourceTree = "<group>";
		};
		F38F91482EAA1E5F00B4459A /* Loaders */ = {
			isa = PBXGroup;
			children = (
				F3BFC97D2E33810900043AB8 /* LocalBikeLoader.swift */,
				F3BFC9792E33810900043AB8 /* LocalMaintenanceLoader.swift */,
			);
			path = Loaders;
			sourceTree = "<group>";
		};
		F38F91492EAA1EA800B4459A /* App */ = {
			isa = PBXGroup;
			children = (
				F3BFC9962E33810900043AB8 /* CarCareApp.swift */,
				F3BFC9982E33810900043AB8 /* DependencyContainer.swift */,
				F3BFC9972E33810900043AB8 /* ContentView.swift */,
				F3BFC9942E33810900043AB8 /* AppState.swift */,
			);
			path = App;
			sourceTree = "<group>";
		};
		F38F914A2EAA1F2100B4459A /* Testing */ = {
			isa = PBXGroup;
			children = (
				F3BFC99A2E33810900043AB8 /* NullStore.swift */,
			);
			path = Testing;
			sourceTree = "<group>";
		};
		F38F914B2EAA1F6A00B4459A /* Subscription */ = {
			isa = PBXGroup;
			children = (
				F3CA523B2E785B1300819C37 /* SubscriptionManager.swift */,
			);
			path = Subscription;
			sourceTree = "<group>";
		};
		F38F914C2EAA350D00B4459A /* Models */ = {
			isa = PBXGroup;
			children = (
				F3BFC9782E33810900043AB8 /* LocalMaintenance.swift */,
				F3BFC97C2E33810900043AB8 /* LocalBike.swift */,
			);
			path = Models;
			sourceTree = "<group>";
		};
		F38F914D2EAA381000B4459A /* Views */ = {
			isa = PBXGroup;
			children = (
				F3BFC9842E33810900043AB8 /* DashboardOldView.swift */,
				F3B77C952E5080D000548F2D /* AddMaintenanceView.swift */,
				F3B77CA52E50DF9300548F2D /* BikeModificationsView.swift */,
				F361F6112EB8B2FD00100008 /* DashboardView.swift */,
				F361F6132EB8BD5100100008 /* BikeDetailsSheet.swift */,
				F361F6152EB8C1DC00100008 /* RoundedCorner.swift */,
			);
			path = Views;
			sourceTree = "<group>";
		};
		F38F914E2EAA382500B4459A /* ViewModels */ = {
			isa = PBXGroup;
			children = (
				F3D7FC9D2E6342E40042A29A /* AddMaintenanceVM.swift */,
				F3D7FC9B2E633FE30042A29A /* DashboardVM.swift */,
			);
			path = ViewModels;
			sourceTree = "<group>";
		};
		F38F914F2EAA388C00B4459A /* Views */ = {
			isa = PBXGroup;
			children = (
				F339FB222E54D06C00F2CECC /* MaintenanceDetailsView.swift */,
				F354D6DB2EAF7D660029A359 /* AdviceView.swift */,
				F39381FE2EAB66EC009D27F1 /* CircularProgressView.swift */,
				F39382002EABB2A7009D27F1 /* MaintenanceDetailsBackgroundView.swift */,
			);
			path = Views;
			sourceTree = "<group>";
		};
		F38F91502EAA38E000B4459A /* ViewModels */ = {
			isa = PBXGroup;
			children = (
				F3877CE72E672CF900CEECA9 /* MaintenanceDetailsVM.swift */,
			);
			path = ViewModels;
			sourceTree = "<group>";
		};
		F38F91512EAA391800B4459A /* Views */ = {
			isa = PBXGroup;
			children = (
				F3BFC9892E33810900043AB8 /* MaintenanceView.swift */,
				F339FAA92E54842A00F2CECC /* ToDoMaintenanceRow.swift */,
				F3D7FC952E6332FE0042A29A /* DoneMaintenanceRow.swift */,
				F339FB262E54D63B00F2CECC /* DaysIndicatorView.swift */,
			);
			path = Views;
			sourceTree = "<group>";
		};
		F38F91522EAA394300B4459A /* ViewModels */ = {
			isa = PBXGroup;
			children = (
				F3D7FC9F2E6344250042A29A /* MaintenanceListVM.swift */,
			);
			path = ViewModels;
			sourceTree = "<group>";
		};
		F39382032EABD379009D27F1 /* Frameworks */ = {
			isa = PBXGroup;
			children = (
			);
			name = Frameworks;
			sourceTree = "<group>";
		};
		F39891542E771D0300245639 /* Paywall */ = {
			isa = PBXGroup;
			children = (
				F39891552E771D0E00245639 /* PaywallView.swift */,
				F39891572E77233200245639 /* PlanSelectorButton.swift */,
			);
			path = Paywall;
			sourceTree = "<group>";
		};
		F3B77CA02E50DF2C00548F2D /* Features */ = {
			isa = PBXGroup;
			children = (
				F361F6172EB8E94E00100008 /* Launch */,
				F39891542E771D0300245639 /* Paywall */,
				F3823AEA2E5C67FF00B9331B /* Notification */,
				F3823AE72E5C635000B9331B /* Settings */,
				F3BDB2E42E55EF320041F142 /* Registration */,
				F3BDB2E32E55EF1A0041F142 /* Dashboard */,
				F3BDB2E22E55EF040041F142 /* Maintenance */,
				F31F12F22E7EC9C600BEBA15 /* Onboarding */,
			);
			path = Features;
			sourceTree = "<group>";
		};
		F3BDB2E22E55EF040041F142 /* Maintenance */ = {
			isa = PBXGroup;
			children = (
				F30969A82E7C05C500F4AD4C /* MaintenanceDetails */,
				F30969A72E7C05AB00F4AD4C /* MaintenanceList */,
			);
			path = Maintenance;
			sourceTree = "<group>";
		};
		F3BDB2E32E55EF1A0041F142 /* Dashboard */ = {
			isa = PBXGroup;
			children = (
				F38F914E2EAA382500B4459A /* ViewModels */,
				F38F914D2EAA381000B4459A /* Views */,
			);
			path = Dashboard;
			sourceTree = "<group>";
		};
		F3BDB2E42E55EF320041F142 /* Registration */ = {
			isa = PBXGroup;
			children = (
				F3BFC98D2E33810900043AB8 /* RegistrationView.swift */,
			);
			path = Registration;
			sourceTree = "<group>";
		};
		F3BFC96C2E33810900043AB8 /* Domain */ = {
			isa = PBXGroup;
			children = (
				F3775CE82EA673D700F890E6 /* Models */,
			);
			path = Domain;
			sourceTree = "<group>";
		};
		F3BFC9762E33810900043AB8 /* CoreData */ = {
			isa = PBXGroup;
			children = (
				F3BFC96F2E33810900043AB8 /* CoreDataManager.swift */,
				F38F91472EAA1D0200B4459A /* Protocols */,
				F38F91462EAA195000B4459A /* Extensions */,
				F38F91452EAA190600B4459A /* Entities */,
				F38F91442EAA18E700B4459A /* Models */,
			);
			path = CoreData;
			sourceTree = "<group>";
		};
		F3BFC9772E33810900043AB8 /* Infrastructure */ = {
			isa = PBXGroup;
			children = (
				F3BFC9762E33810900043AB8 /* CoreData */,
			);
			path = Infrastructure;
			sourceTree = "<group>";
		};
		F3BFC9812E33810900043AB8 /* Local Storage */ = {
			isa = PBXGroup;
			children = (
				F38F914C2EAA350D00B4459A /* Models */,
				F38F91482EAA1E5F00B4459A /* Loaders */,
				F3BFC9772E33810900043AB8 /* Infrastructure */,
				F38F914A2EAA1F2100B4459A /* Testing */,
			);
			path = "Local Storage";
			sourceTree = "<group>";
		};
		F3BFC99B2E33810900043AB8 /* CarCare */ = {
			isa = PBXGroup;
			children = (
				F38F91422EAA185900B4459A /* Core */,
				F38F913B2EAA15DC00B4459A /* Shared */,
				F37D827C2E5F559400F92A50 /* Resources */,
				F3B77CA02E50DF2C00548F2D /* Features */,
				F38F91492EAA1EA800B4459A /* App */,
			);
			path = CarCare;
			sourceTree = "<group>";
		};
		F3E8DDF62E6B35410056C714 /* es.lproj */ = {
			isa = PBXGroup;
			children = (
				F3E8DDF52E6B35410056C714 /* Localizable.strings */,
			);
			path = es.lproj;
			sourceTree = "<group>";
		};
		F3E8DDFA2E6B357E0056C714 /* fr.lproj */ = {
			isa = PBXGroup;
			children = (
				F3E8DDFC2E6B36280056C714 /* Localizable.strings */,
			);
			path = fr.lproj;
			sourceTree = "<group>";
		};
/* End PBXGroup section */

/* Begin PBXNativeTarget section */
		F31F73DA2E26585A00334333 /* CarCare */ = {
			isa = PBXNativeTarget;
			buildConfigurationList = F31F73FC2E26585B00334333 /* Build configuration list for PBXNativeTarget "CarCare" */;
			buildPhases = (
				F31F73D72E26585A00334333 /* Sources */,
				F31F73D82E26585A00334333 /* Frameworks */,
				F31F73D92E26585A00334333 /* Resources */,
			);
			buildRules = (
			);
			dependencies = (
			);
			name = CarCare;
			packageProductDependencies = (
				F39382042EABD379009D27F1 /* ConfettiSwiftUI */,
			);
			productName = CarCare;
			productReference = F31F73DB2E26585A00334333 /* CarCare.app */;
			productType = "com.apple.product-type.application";
		};
		F31F73E72E26585B00334333 /* CarCareTests */ = {
			isa = PBXNativeTarget;
			buildConfigurationList = F31F73FF2E26585B00334333 /* Build configuration list for PBXNativeTarget "CarCareTests" */;
			buildPhases = (
				F31F73E42E26585B00334333 /* Sources */,
				F31F73E52E26585B00334333 /* Frameworks */,
				F31F73E62E26585B00334333 /* Resources */,
			);
			buildRules = (
			);
			dependencies = (
				F31F73EA2E26585B00334333 /* PBXTargetDependency */,
			);
			name = CarCareTests;
			packageProductDependencies = (
			);
			productName = CarCareTests;
			productReference = F31F73E82E26585B00334333 /* CarCareTests.xctest */;
			productType = "com.apple.product-type.bundle.unit-test";
		};
/* End PBXNativeTarget section */

/* Begin PBXProject section */
		F31F73D32E26585A00334333 /* Project object */ = {
			isa = PBXProject;
			attributes = {
				BuildIndependentTargetsInParallel = 1;
				LastSwiftUpdateCheck = 1640;
				LastUpgradeCheck = 1640;
				TargetAttributes = {
					F31F73DA2E26585A00334333 = {
						CreatedOnToolsVersion = 16.4;
					};
					F31F73E72E26585B00334333 = {
						CreatedOnToolsVersion = 16.4;
						TestTargetID = F31F73DA2E26585A00334333;
					};
				};
			};
			buildConfigurationList = F31F73D62E26585A00334333 /* Build configuration list for PBXProject "CarCare" */;
			developmentRegion = en;
			hasScannedForEncodings = 0;
			knownRegions = (
				en,
				Base,
				es,
				fr,
			);
			mainGroup = F31F73D22E26585A00334333;
			minimizedProjectReferenceProxies = 1;
			packageReferences = (
				F39382022EABD2EE009D27F1 /* XCRemoteSwiftPackageReference "ConfettiSwiftUI" */,
			);
			preferredProjectObjectVersion = 77;
			productRefGroup = F31F73DC2E26585A00334333 /* Products */;
			projectDirPath = "";
			projectRoot = "";
			targets = (
				F31F73DA2E26585A00334333 /* CarCare */,
				F31F73E72E26585B00334333 /* CarCareTests */,
			);
		};
/* End PBXProject section */

/* Begin PBXResourcesBuildPhase section */
		F31F73D92E26585A00334333 /* Resources */ = {
			isa = PBXResourcesBuildPhase;
			buildActionMask = 2147483647;
			files = (
				F3BFC99E2E33810900043AB8 /* Assets.xcassets in Resources */,
				F3E8DE022E6B36320056C714 /* Localizable.strings in Resources */,
				F3E8DDFE2E6B36280056C714 /* Localizable.strings in Resources */,
				F3E8DDF82E6B35410056C714 /* Localizable.strings in Resources */,
				F31F13072E7ED79200BEBA15 /* Cycling.gif in Resources */,
			);
			runOnlyForDeploymentPostprocessing = 0;
		};
		F31F73E62E26585B00334333 /* Resources */ = {
			isa = PBXResourcesBuildPhase;
			buildActionMask = 2147483647;
			files = (
				F3E8DE012E6B36320056C714 /* Localizable.strings in Resources */,
				F3E8DDF72E6B35410056C714 /* Localizable.strings in Resources */,
			);
			runOnlyForDeploymentPostprocessing = 0;
		};
/* End PBXResourcesBuildPhase section */

/* Begin PBXSourcesBuildPhase section */
		F31F73D72E26585A00334333 /* Sources */ = {
			isa = PBXSourcesBuildPhase;
			buildActionMask = 2147483647;
			files = (
				F3BFC9A02E33810900043AB8 /* Maintenance.swift in Sources */,
				F3BDB2E82E55EFDE0041F142 /* BikeVM.swift in Sources */,
				F3D775702E8AB71600BC2452 /* JustifiedText.swift in Sources */,
				F3823AF32E5C8DA600B9331B /* LegalView.swift in Sources */,
				F39891582E77233200245639 /* PlanSelectorButton.swift in Sources */,
				F3BFC9A22E33810900043AB8 /* Bike.swift in Sources */,
				F3BFC9A32E33810900043AB8 /* CarCare.xcdatamodeld in Sources */,
				F3775CF52EA6966300F890E6 /* BikePhotoPickerView.swift in Sources */,
				F3D7FC9C2E633FE30042A29A /* DashboardVM.swift in Sources */,
				F3B77CA62E50DF9300548F2D /* BikeModificationsView.swift in Sources */,
				F31F12FF2E7ED17800BEBA15 /* AnimationView.swift in Sources */,
				F3BFC9A42E33810900043AB8 /* CoreData+Helpers.swift in Sources */,
				F3BFC9A52E33810900043AB8 /* CoreDataManager.swift in Sources */,
				F3823AF52E5C9AB700B9331B /* NotificationViewModel.swift in Sources */,
				F3BFC9A62E33810900043AB8 /* CoreDataManager+MaintenanceStore.swift in Sources */,
				F3912FCA2EDDD6760093E7BD /* AuthorizationStatus.swift in Sources */,
				F3BFC9A82E33810900043AB8 /* CoreDataManager+BikeStore.swift in Sources */,
				F37D82832E5F601800F92A50 /* CustomTextField.swift in Sources */,
				F3BDB2F12E56033C0041F142 /* MaintenanceType.swift in Sources */,
				F31F12F42E7EC9D600BEBA15 /* OnboardingView.swift in Sources */,
				F3775CF72EA6978000F890E6 /* ImagePickerHelper.swift in Sources */,
				F3BDB2EA2E55F0840041F142 /* MaintenanceVM.swift in Sources */,
				F3BFC9A92E33810900043AB8 /* ManagedMaintenance.swift in Sources */,
				F339FAAA2E54842A00F2CECC /* ToDoMaintenanceRow.swift in Sources */,
				F3BFC9AB2E33810900043AB8 /* ManagedBike.swift in Sources */,
				F39381FF2EAB66EC009D27F1 /* CircularProgressView.swift in Sources */,
				F3912FC82EDDD0550093E7BD /* ReminderSchedule.swift in Sources */,
				F3D7FCA02E6344250042A29A /* MaintenanceListVM.swift in Sources */,
				F3823AE92E5C635E00B9331B /* SettingsView.swift in Sources */,
				F361F6142EB8BD5100100008 /* BikeDetailsSheet.swift in Sources */,
				F3D7756C2E8A857D00BC2452 /* MaintenanceDescription.swift in Sources */,
				F3284A4C2E8169E7008E7920 /* Constants.swift in Sources */,
				F3BFC9AC2E33810900043AB8 /* LocalMaintenance.swift in Sources */,
				F3823AF72E5C9E4400B9331B /* AppError.swift in Sources */,
				F3D7FC9E2E6342E40042A29A /* AddMaintenanceVM.swift in Sources */,
				F361F6192EB8E95E00100008 /* LaunchView.swift in Sources */,
				F3BFC9AD2E33810900043AB8 /* LocalMaintenanceLoader.swift in Sources */,
				F3BDB2F32E56035B0041F142 /* BikeType.swift in Sources */,
				F3BFC9B02E33810900043AB8 /* LocalBike.swift in Sources */,
				F3BFC9B12E33810900043AB8 /* LocalBikeLoader.swift in Sources */,
				F3CA523C2E785B1300819C37 /* SubscriptionManager.swift in Sources */,
				F339FB232E54D06C00F2CECC /* MaintenanceDetailsView.swift in Sources */,
				F354D6DC2EAF7D660029A359 /* AdviceView.swift in Sources */,
				F3823AEC2E5C680F00B9331B /* NotificationIntroView.swift in Sources */,
				F3BFC9B22E33810900043AB8 /* MaintenanceStore.swift in Sources */,
				F39382012EABB2A7009D27F1 /* MaintenanceDetailsBackgroundView.swift in Sources */,
				F3BFC9B42E33810900043AB8 /* BikeStore.swift in Sources */,
				F3D7FC962E6332FE0042A29A /* DoneMaintenanceRow.swift in Sources */,
				F3BFC9B52E33810900043AB8 /* DashboardOldView.swift in Sources */,
				F3BFC9B82E33810900043AB8 /* MaintenanceView.swift in Sources */,
				F361F6122EB8B2FD00100008 /* DashboardView.swift in Sources */,
				F361F6162EB8C1DC00100008 /* RoundedCorner.swift in Sources */,
				F39891562E771D0E00245639 /* PaywallView.swift in Sources */,
				F3877CE82E672CF900CEECA9 /* MaintenanceDetailsVM.swift in Sources */,
				F39891512E77101400245639 /* ExportPDFHelper.swift in Sources */,
				F3B77C942E50714E00548F2D /* MaintenanceStatus.swift in Sources */,
				F3BFC9BA2E33810900043AB8 /* RegistrationView.swift in Sources */,
				F37D82852E5F80ED00F92A50 /* PrimaryButton.swift in Sources */,
				F3BFC9BE2E33810900043AB8 /* AppState.swift in Sources */,
				F3B77C962E5080D000548F2D /* AddMaintenanceView.swift in Sources */,
				F3BFC9BF2E33810900043AB8 /* CarCareApp.swift in Sources */,
				F339FB272E54D63B00F2CECC /* DaysIndicatorView.swift in Sources */,
				F3BFC9C02E33810900043AB8 /* ContentView.swift in Sources */,
				F3BFC9C12E33810900043AB8 /* DependencyContainer.swift in Sources */,
				F3D7756E2E8A85D600BC2452 /* LocalizationKeys.swift in Sources */,
				F3BFC9C32E33810900043AB8 /* NullStore.swift in Sources */,
			);
			runOnlyForDeploymentPostprocessing = 0;
		};
		F31F73E42E26585B00334333 /* Sources */ = {
			isa = PBXSourcesBuildPhase;
			buildActionMask = 2147483647;
			files = (
				F3A0D96B2EDF4CBB00CA26A1 /* FakeBikeVM.swift in Sources */,
				F36E4A532E7D6CD600EB2FF5 /* FakeNotificationCenter.swift in Sources */,
				F36E4A652E7D8BDA00EB2FF5 /* FakeMaintenanceLoader.swift in Sources */,
				F36E4A592E7D70B100EB2FF5 /* CarCareDashboardViewModelTests.swift in Sources */,
				F30969B52E7C6F2300F4AD4C /* NotificationVMFake.swift in Sources */,
				F36E4A5C2E7D70EC00EB2FF5 /* FakeMaintenanceVM3.swift in Sources */,
				F30969AC2E7C067A00F4AD4C /* CarCareBikeVMTests.swift in Sources */,
				F30969AF2E7C645400F4AD4C /* CarCareMaintenanceVMTests.swift in Sources */,
				F3BFC9D22E33810900043AB8 /* CarCare.xcdatamodeld in Sources */,
				F36E4A602E7D877800EB2FF5 /* FakeNotificationVM.swift in Sources */,
				F36E4A632E7D8B8000EB2FF5 /* CarCareAddMaintenanceDetailsVMTests.swift in Sources */,
				F30969B12E7C65BE00F4AD4C /* FakeMaintenanceVM.swift in Sources */,
				F36E4A5E2E7D86A700EB2FF5 /* CarCareAddMaintenanceVMTests.swift in Sources */,
				F30969B32E7C66BB00F4AD4C /* FakeBikeStore.swift in Sources */,
				F36E4A552E7D6D6300EB2FF5 /* FakeMaintenanceVM2.swift in Sources */,
				F36E4A572E7D6DA500EB2FF5 /* CarCareNotificationVMTests.swift in Sources */,
			);
			runOnlyForDeploymentPostprocessing = 0;
		};
/* End PBXSourcesBuildPhase section */

/* Begin PBXTargetDependency section */
		F31F73EA2E26585B00334333 /* PBXTargetDependency */ = {
			isa = PBXTargetDependency;
			target = F31F73DA2E26585A00334333 /* CarCare */;
			targetProxy = F31F73E92E26585B00334333 /* PBXContainerItemProxy */;
		};
/* End PBXTargetDependency section */

/* Begin PBXVariantGroup section */
		F3E8DDF52E6B35410056C714 /* Localizable.strings */ = {
			isa = PBXVariantGroup;
			children = (
				F3E8DDF42E6B35410056C714 /* es */,
			);
			name = Localizable.strings;
			sourceTree = "<group>";
		};
		F3E8DDFC2E6B36280056C714 /* Localizable.strings */ = {
			isa = PBXVariantGroup;
			children = (
				F3E8DDFD2E6B36280056C714 /* fr */,
			);
			name = Localizable.strings;
			sourceTree = "<group>";
		};
		F3E8DDFF2E6B36320056C714 /* Localizable.strings */ = {
			isa = PBXVariantGroup;
			children = (
				F3E8DE002E6B36320056C714 /* en */,
			);
			name = Localizable.strings;
			sourceTree = "<group>";
		};
/* End PBXVariantGroup section */

/* Begin XCBuildConfiguration section */
		F31F73FA2E26585B00334333 /* Debug */ = {
			isa = XCBuildConfiguration;
			buildSettings = {
				ALWAYS_SEARCH_USER_PATHS = NO;
				ASSETCATALOG_COMPILER_GENERATE_SWIFT_ASSET_SYMBOL_EXTENSIONS = YES;
				CLANG_ANALYZER_NONNULL = YES;
				CLANG_ANALYZER_NUMBER_OBJECT_CONVERSION = YES_AGGRESSIVE;
				CLANG_CXX_LANGUAGE_STANDARD = "gnu++20";
				CLANG_ENABLE_MODULES = YES;
				CLANG_ENABLE_OBJC_ARC = YES;
				CLANG_ENABLE_OBJC_WEAK = YES;
				CLANG_WARN_BLOCK_CAPTURE_AUTORELEASING = YES;
				CLANG_WARN_BOOL_CONVERSION = YES;
				CLANG_WARN_COMMA = YES;
				CLANG_WARN_CONSTANT_CONVERSION = YES;
				CLANG_WARN_DEPRECATED_OBJC_IMPLEMENTATIONS = YES;
				CLANG_WARN_DIRECT_OBJC_ISA_USAGE = YES_ERROR;
				CLANG_WARN_DOCUMENTATION_COMMENTS = YES;
				CLANG_WARN_EMPTY_BODY = YES;
				CLANG_WARN_ENUM_CONVERSION = YES;
				CLANG_WARN_INFINITE_RECURSION = YES;
				CLANG_WARN_INT_CONVERSION = YES;
				CLANG_WARN_NON_LITERAL_NULL_CONVERSION = YES;
				CLANG_WARN_OBJC_IMPLICIT_RETAIN_SELF = YES;
				CLANG_WARN_OBJC_LITERAL_CONVERSION = YES;
				CLANG_WARN_OBJC_ROOT_CLASS = YES_ERROR;
				CLANG_WARN_QUOTED_INCLUDE_IN_FRAMEWORK_HEADER = YES;
				CLANG_WARN_RANGE_LOOP_ANALYSIS = YES;
				CLANG_WARN_STRICT_PROTOTYPES = YES;
				CLANG_WARN_SUSPICIOUS_MOVE = YES;
				CLANG_WARN_UNGUARDED_AVAILABILITY = YES_AGGRESSIVE;
				CLANG_WARN_UNREACHABLE_CODE = YES;
				CLANG_WARN__DUPLICATE_METHOD_MATCH = YES;
				COPY_PHASE_STRIP = NO;
				DEBUG_INFORMATION_FORMAT = dwarf;
				ENABLE_STRICT_OBJC_MSGSEND = YES;
				ENABLE_TESTABILITY = YES;
				ENABLE_USER_SCRIPT_SANDBOXING = YES;
				GCC_C_LANGUAGE_STANDARD = gnu17;
				GCC_DYNAMIC_NO_PIC = NO;
				GCC_NO_COMMON_BLOCKS = YES;
				GCC_OPTIMIZATION_LEVEL = 0;
				GCC_PREPROCESSOR_DEFINITIONS = (
					"DEBUG=1",
					"$(inherited)",
				);
				GCC_WARN_64_TO_32_BIT_CONVERSION = YES;
				GCC_WARN_ABOUT_RETURN_TYPE = YES_ERROR;
				GCC_WARN_UNDECLARED_SELECTOR = YES;
				GCC_WARN_UNINITIALIZED_AUTOS = YES_AGGRESSIVE;
				GCC_WARN_UNUSED_FUNCTION = YES;
				GCC_WARN_UNUSED_VARIABLE = YES;
				IPHONEOS_DEPLOYMENT_TARGET = 18.5;
				LOCALIZATION_PREFERS_STRING_CATALOGS = YES;
				MTL_ENABLE_DEBUG_INFO = INCLUDE_SOURCE;
				MTL_FAST_MATH = YES;
				ONLY_ACTIVE_ARCH = YES;
				SDKROOT = iphoneos;
				SWIFT_ACTIVE_COMPILATION_CONDITIONS = "DEBUG $(inherited)";
				SWIFT_OPTIMIZATION_LEVEL = "-Onone";
			};
			name = Debug;
		};
		F31F73FB2E26585B00334333 /* Release */ = {
			isa = XCBuildConfiguration;
			buildSettings = {
				ALWAYS_SEARCH_USER_PATHS = NO;
				ASSETCATALOG_COMPILER_GENERATE_SWIFT_ASSET_SYMBOL_EXTENSIONS = YES;
				CLANG_ANALYZER_NONNULL = YES;
				CLANG_ANALYZER_NUMBER_OBJECT_CONVERSION = YES_AGGRESSIVE;
				CLANG_CXX_LANGUAGE_STANDARD = "gnu++20";
				CLANG_ENABLE_MODULES = YES;
				CLANG_ENABLE_OBJC_ARC = YES;
				CLANG_ENABLE_OBJC_WEAK = YES;
				CLANG_WARN_BLOCK_CAPTURE_AUTORELEASING = YES;
				CLANG_WARN_BOOL_CONVERSION = YES;
				CLANG_WARN_COMMA = YES;
				CLANG_WARN_CONSTANT_CONVERSION = YES;
				CLANG_WARN_DEPRECATED_OBJC_IMPLEMENTATIONS = YES;
				CLANG_WARN_DIRECT_OBJC_ISA_USAGE = YES_ERROR;
				CLANG_WARN_DOCUMENTATION_COMMENTS = YES;
				CLANG_WARN_EMPTY_BODY = YES;
				CLANG_WARN_ENUM_CONVERSION = YES;
				CLANG_WARN_INFINITE_RECURSION = YES;
				CLANG_WARN_INT_CONVERSION = YES;
				CLANG_WARN_NON_LITERAL_NULL_CONVERSION = YES;
				CLANG_WARN_OBJC_IMPLICIT_RETAIN_SELF = YES;
				CLANG_WARN_OBJC_LITERAL_CONVERSION = YES;
				CLANG_WARN_OBJC_ROOT_CLASS = YES_ERROR;
				CLANG_WARN_QUOTED_INCLUDE_IN_FRAMEWORK_HEADER = YES;
				CLANG_WARN_RANGE_LOOP_ANALYSIS = YES;
				CLANG_WARN_STRICT_PROTOTYPES = YES;
				CLANG_WARN_SUSPICIOUS_MOVE = YES;
				CLANG_WARN_UNGUARDED_AVAILABILITY = YES_AGGRESSIVE;
				CLANG_WARN_UNREACHABLE_CODE = YES;
				CLANG_WARN__DUPLICATE_METHOD_MATCH = YES;
				COPY_PHASE_STRIP = NO;
				DEBUG_INFORMATION_FORMAT = "dwarf-with-dsym";
				ENABLE_NS_ASSERTIONS = NO;
				ENABLE_STRICT_OBJC_MSGSEND = YES;
				ENABLE_USER_SCRIPT_SANDBOXING = YES;
				GCC_C_LANGUAGE_STANDARD = gnu17;
				GCC_NO_COMMON_BLOCKS = YES;
				GCC_WARN_64_TO_32_BIT_CONVERSION = YES;
				GCC_WARN_ABOUT_RETURN_TYPE = YES_ERROR;
				GCC_WARN_UNDECLARED_SELECTOR = YES;
				GCC_WARN_UNINITIALIZED_AUTOS = YES_AGGRESSIVE;
				GCC_WARN_UNUSED_FUNCTION = YES;
				GCC_WARN_UNUSED_VARIABLE = YES;
				IPHONEOS_DEPLOYMENT_TARGET = 18.5;
				LOCALIZATION_PREFERS_STRING_CATALOGS = YES;
				MTL_ENABLE_DEBUG_INFO = NO;
				MTL_FAST_MATH = YES;
				SDKROOT = iphoneos;
				SWIFT_COMPILATION_MODE = wholemodule;
				VALIDATE_PRODUCT = YES;
			};
			name = Release;
		};
		F31F73FD2E26585B00334333 /* Debug */ = {
			isa = XCBuildConfiguration;
			buildSettings = {
				ASSETCATALOG_COMPILER_APPICON_NAME = AppIcon;
				ASSETCATALOG_COMPILER_GLOBAL_ACCENT_COLOR_NAME = AccentColor;
				CODE_SIGN_STYLE = Automatic;
				CURRENT_PROJECT_VERSION = 22;
				DEVELOPMENT_TEAM = 64KCF3XZ6R;
				ENABLE_PREVIEWS = YES;
				GENERATE_INFOPLIST_FILE = YES;
				INFOPLIST_FILE = "$(SRCROOT)/CarCare/Resources/Info.plist";
				INFOPLIST_KEY_CFBundleDisplayName = MyBikeMate;
				INFOPLIST_KEY_LSApplicationCategoryType = "public.app-category.utilities";
				INFOPLIST_KEY_NSCameraUsageDescription = "We need access to the camera to take a photo of your bike";
				INFOPLIST_KEY_NSPhotoLibraryUsageDescription = "We need access to your photo library to choose a photo of your bike";
				INFOPLIST_KEY_UIApplicationSceneManifest_Generation = YES;
				INFOPLIST_KEY_UIApplicationSupportsIndirectInputEvents = YES;
				INFOPLIST_KEY_UILaunchScreen_Generation = YES;
				INFOPLIST_KEY_UIStatusBarHidden = YES;
				INFOPLIST_KEY_UIStatusBarStyle = "";
				INFOPLIST_KEY_UISupportedInterfaceOrientations = UIInterfaceOrientationPortrait;
				INFOPLIST_KEY_UISupportedInterfaceOrientations_iPad = "UIInterfaceOrientationLandscapeLeft UIInterfaceOrientationLandscapeRight UIInterfaceOrientationPortrait UIInterfaceOrientationPortraitUpsideDown";
				LD_RUNPATH_SEARCH_PATHS = (
					"$(inherited)",
					"@executable_path/Frameworks",
				);
				MARKETING_VERSION = 1.0;
				PRODUCT_BUNDLE_IDENTIFIER = com.bougaranhelena.CarCare;
				PRODUCT_NAME = "$(TARGET_NAME)";
				SUPPORTED_PLATFORMS = "iphoneos iphonesimulator";
				SUPPORTS_MACCATALYST = NO;
				SUPPORTS_MAC_DESIGNED_FOR_IPHONE_IPAD = NO;
				SUPPORTS_XR_DESIGNED_FOR_IPHONE_IPAD = NO;
				SWIFT_EMIT_LOC_STRINGS = YES;
				SWIFT_VERSION = 5.0;
				TARGETED_DEVICE_FAMILY = 1;
			};
			name = Debug;
		};
		F31F73FE2E26585B00334333 /* Release */ = {
			isa = XCBuildConfiguration;
			buildSettings = {
				ASSETCATALOG_COMPILER_APPICON_NAME = AppIcon;
				ASSETCATALOG_COMPILER_GLOBAL_ACCENT_COLOR_NAME = AccentColor;
				CODE_SIGN_STYLE = Automatic;
				CURRENT_PROJECT_VERSION = 22;
				DEVELOPMENT_TEAM = 64KCF3XZ6R;
				ENABLE_PREVIEWS = YES;
				GENERATE_INFOPLIST_FILE = YES;
				INFOPLIST_FILE = "$(SRCROOT)/CarCare/Resources/Info.plist";
				INFOPLIST_KEY_CFBundleDisplayName = MyBikeMate;
				INFOPLIST_KEY_LSApplicationCategoryType = "public.app-category.utilities";
				INFOPLIST_KEY_NSCameraUsageDescription = "We need access to the camera to take a photo of your bike";
				INFOPLIST_KEY_NSPhotoLibraryUsageDescription = "We need access to your photo library to choose a photo of your bike";
				INFOPLIST_KEY_UIApplicationSceneManifest_Generation = YES;
				INFOPLIST_KEY_UIApplicationSupportsIndirectInputEvents = YES;
				INFOPLIST_KEY_UILaunchScreen_Generation = YES;
				INFOPLIST_KEY_UIStatusBarHidden = YES;
				INFOPLIST_KEY_UIStatusBarStyle = "";
				INFOPLIST_KEY_UISupportedInterfaceOrientations = UIInterfaceOrientationPortrait;
				INFOPLIST_KEY_UISupportedInterfaceOrientations_iPad = "UIInterfaceOrientationLandscapeLeft UIInterfaceOrientationLandscapeRight UIInterfaceOrientationPortrait UIInterfaceOrientationPortraitUpsideDown";
				LD_RUNPATH_SEARCH_PATHS = (
					"$(inherited)",
					"@executable_path/Frameworks",
				);
				MARKETING_VERSION = 1.0;
				PRODUCT_BUNDLE_IDENTIFIER = com.bougaranhelena.CarCare;
				PRODUCT_NAME = "$(TARGET_NAME)";
				SUPPORTED_PLATFORMS = "iphoneos iphonesimulator";
				SUPPORTS_MACCATALYST = NO;
				SUPPORTS_MAC_DESIGNED_FOR_IPHONE_IPAD = NO;
				SUPPORTS_XR_DESIGNED_FOR_IPHONE_IPAD = NO;
				SWIFT_EMIT_LOC_STRINGS = YES;
				SWIFT_VERSION = 5.0;
				TARGETED_DEVICE_FAMILY = 1;
			};
			name = Release;
		};
		F31F74002E26585B00334333 /* Debug */ = {
			isa = XCBuildConfiguration;
			buildSettings = {
				BUNDLE_LOADER = "$(TEST_HOST)";
				CODE_SIGN_STYLE = Automatic;
				CURRENT_PROJECT_VERSION = 1;
				GENERATE_INFOPLIST_FILE = YES;
				IPHONEOS_DEPLOYMENT_TARGET = 18.5;
				MARKETING_VERSION = 1.0;
				PRODUCT_BUNDLE_IDENTIFIER = com.bougaranhelena.CarCareTests;
				PRODUCT_NAME = "$(TARGET_NAME)";
				SWIFT_EMIT_LOC_STRINGS = NO;
				SWIFT_VERSION = 5.0;
				TARGETED_DEVICE_FAMILY = "1,2";
				TEST_HOST = "$(BUILT_PRODUCTS_DIR)/CarCare.app/$(BUNDLE_EXECUTABLE_FOLDER_PATH)/CarCare";
			};
			name = Debug;
		};
		F31F74012E26585B00334333 /* Release */ = {
			isa = XCBuildConfiguration;
			buildSettings = {
				BUNDLE_LOADER = "$(TEST_HOST)";
				CODE_SIGN_STYLE = Automatic;
				CURRENT_PROJECT_VERSION = 1;
				GENERATE_INFOPLIST_FILE = YES;
				IPHONEOS_DEPLOYMENT_TARGET = 18.5;
				MARKETING_VERSION = 1.0;
				PRODUCT_BUNDLE_IDENTIFIER = com.bougaranhelena.CarCareTests;
				PRODUCT_NAME = "$(TARGET_NAME)";
				SWIFT_EMIT_LOC_STRINGS = NO;
				SWIFT_VERSION = 5.0;
				TARGETED_DEVICE_FAMILY = "1,2";
				TEST_HOST = "$(BUILT_PRODUCTS_DIR)/CarCare.app/$(BUNDLE_EXECUTABLE_FOLDER_PATH)/CarCare";
			};
			name = Release;
		};
/* End XCBuildConfiguration section */

/* Begin XCConfigurationList section */
		F31F73D62E26585A00334333 /* Build configuration list for PBXProject "CarCare" */ = {
			isa = XCConfigurationList;
			buildConfigurations = (
				F31F73FA2E26585B00334333 /* Debug */,
				F31F73FB2E26585B00334333 /* Release */,
			);
			defaultConfigurationIsVisible = 0;
			defaultConfigurationName = Release;
		};
		F31F73FC2E26585B00334333 /* Build configuration list for PBXNativeTarget "CarCare" */ = {
			isa = XCConfigurationList;
			buildConfigurations = (
				F31F73FD2E26585B00334333 /* Debug */,
				F31F73FE2E26585B00334333 /* Release */,
			);
			defaultConfigurationIsVisible = 0;
			defaultConfigurationName = Release;
		};
		F31F73FF2E26585B00334333 /* Build configuration list for PBXNativeTarget "CarCareTests" */ = {
			isa = XCConfigurationList;
			buildConfigurations = (
				F31F74002E26585B00334333 /* Debug */,
				F31F74012E26585B00334333 /* Release */,
			);
			defaultConfigurationIsVisible = 0;
			defaultConfigurationName = Release;
		};
/* End XCConfigurationList section */

/* Begin XCRemoteSwiftPackageReference section */
		F39382022EABD2EE009D27F1 /* XCRemoteSwiftPackageReference "ConfettiSwiftUI" */ = {
			isa = XCRemoteSwiftPackageReference;
			repositoryURL = "https://github.com/simibac/ConfettiSwiftUI";
			requirement = {
				kind = upToNextMajorVersion;
				minimumVersion = 2.0.3;
			};
		};
/* End XCRemoteSwiftPackageReference section */

/* Begin XCSwiftPackageProductDependency section */
		F39382042EABD379009D27F1 /* ConfettiSwiftUI */ = {
			isa = XCSwiftPackageProductDependency;
			package = F39382022EABD2EE009D27F1 /* XCRemoteSwiftPackageReference "ConfettiSwiftUI" */;
			productName = ConfettiSwiftUI;
		};
/* End XCSwiftPackageProductDependency section */

/* Begin XCVersionGroup section */
		F3BFC96D2E33810900043AB8 /* CarCare.xcdatamodeld */ = {
			isa = XCVersionGroup;
			children = (
				F3BFC99C2E33810900043AB8 /* CarCare.xcdatamodel */,
			);
			currentVersion = F3BFC99C2E33810900043AB8 /* CarCare.xcdatamodel */;
			path = CarCare.xcdatamodeld;
			sourceTree = "<group>";
			versionGroupType = wrapper.xcdatamodel;
		};
/* End XCVersionGroup section */
	};
	rootObject = F31F73D32E26585A00334333 /* Project object */;
}
